
Microsoft Visual Studio Solution File, Format Version 12.00
# Visual Studio Version 16
VisualStudioVersion = 16.0.29613.14
MinimumVisualStudioVersion = 10.0.40219.1
Project("{FAE04EC0-301F-11D3-BF4B-00C04F79EFBC}") = "TricoreInstrHelperLib", "TricoreInstrHelperLib\TricoreInstrHelperLib.csproj", "{22B003EA-73DD-48C1-A0BC-7B66F0820E83}"
EndProject
Project("{FAE04EC0-301F-11D3-BF4B-00C04F79EFBC}") = "TricoreInstrHelperLib.Tests", "TricoreInstrHelperLib.Tests\TricoreInstrHelperLib.Tests.csproj", "{44D33A27-1B9E-4F1A-9C6A-1A5EB2799507}"
EndProject
Project("{FAE04EC0-301F-11D3-BF4B-00C04F79EFBC}") = "TricoreInstrHelper.WinUI", "TricoreInstrHelper.WinUI\TricoreInstrHelper.WinUI.csproj", "{A16C878E-4BC9-4E57-8BE9-7AF8ADF13DB2}"
EndProject
Global
	GlobalSection(SolutionConfigurationPlatforms) = preSolution
		Debug|Any CPU = Debug|Any CPU
		Release|Any CPU = Release|Any CPU
	EndGlobalSection
	GlobalSection(ProjectConfigurationPlatforms) = postSolution
		{22B003EA-73DD-48C1-A0BC-7B66F0820E83}.Debug|Any CPU.ActiveCfg = Debug|Any CPU
		{22B003EA-73DD-48C1-A0BC-7B66F0820E83}.Debug|Any CPU.Build.0 = Debug|Any CPU
		{22B003EA-73DD-48C1-A0BC-7B66F0820E83}.Release|Any CPU.ActiveCfg = Release|Any CPU
		{22B003EA-73DD-48C1-A0BC-7B66F0820E83}.Release|Any CPU.Build.0 = Release|Any CPU
		{44D33A27-1B9E-4F1A-9C6A-1A5EB2799507}.Debug|Any CPU.ActiveCfg = Debug|Any CPU
		{44D33A27-1B9E-4F1A-9C6A-1A5EB2799507}.Debug|Any CPU.Build.0 = Debug|Any CPU
		{44D33A27-1B9E-4F1A-9C6A-1A5EB2799507}.Release|Any CPU.ActiveCfg = Release|Any CPU
		{44D33A27-1B9E-4F1A-9C6A-1A5EB2799507}.Release|Any CPU.Build.0 = Release|Any CPU
		{A16C878E-4BC9-4E57-8BE9-7AF8ADF13DB2}.Debug|Any CPU.ActiveCfg = Debug|Any CPU
		{A16C878E-4BC9-4E57-8BE9-7AF8ADF13DB2}.Debug|Any CPU.Build.0 = Debug|Any CPU
		{A16C878E-4BC9-4E57-8BE9-7AF8ADF13DB2}.Release|Any CPU.ActiveCfg = Release|Any CPU
		{A16C878E-4BC9-4E57-8BE9-7AF8ADF13DB2}.Release|Any CPU.Build.0 = Release|Any CPU
	EndGlobalSection
	GlobalSection(SolutionProperties) = preSolution
		HideSolutionNode = FALSE
	EndGlobalSection
	GlobalSection(ExtensibilityGlobals) = postSolution
		SolutionGuid = {6BB76121-9986-42DF-B5A2-E86135E8F781}
	EndGlobalSection
EndGlobal
